
Microsoft Visual Studio Solution File, Format Version 12.00
# Visual Studio Version 16
VisualStudioVersion = 16.0.32106.194
MinimumVisualStudioVersion = 10.0.40219.1
Project("{9A19103F-16F7-4668-BE54-9A1E7A4F7556}") = "StrategyRTS", "StrategyRTS.csproj", "{FF7DFF42-9C9F-4F12-AE28-D6B1A7EBFEB1}"
EndProject
Global
	GlobalSection(SolutionConfigurationPlatforms) = preSolution
		Debug|Any CPU = Debug|Any CPU
		Release|Any CPU = Release|Any CPU
	EndGlobalSection
	GlobalSection(ProjectConfigurationPlatforms) = postSolution
		{FF7DFF42-9C9F-4F12-AE28-D6B1A7EBFEB1}.Debug|Any CPU.ActiveCfg = Debug|Any CPU
		{FF7DFF42-9C9F-4F12-AE28-D6B1A7EBFEB1}.Debug|Any CPU.Build.0 = Debug|Any CPU
		{FF7DFF42-9C9F-4F12-AE28-D6B1A7EBFEB1}.Release|Any CPU.ActiveCfg = Release|Any CPU
		{FF7DFF42-9C9F-4F12-AE28-D6B1A7EBFEB1}.Release|Any CPU.Build.0 = Release|Any CPU
	EndGlobalSection
	GlobalSection(SolutionProperties) = preSolution
		HideSolutionNode = FALSE
	EndGlobalSection
	GlobalSection(ExtensibilityGlobals) = postSolution
		SolutionGuid = {38586D96-2176-40EB-A64B-84C3D80BD521}
	EndGlobalSection
EndGlobal
